
Microsoft Visual Studio Solution File, Format Version 12.00
# Visual Studio Version 17
VisualStudioVersion = 17.0.31903.59
MinimumVisualStudioVersion = 10.0.40219.1
Project("{FAE04EC0-301F-11D3-BF4B-00C04F79EFBC}") = "BlogSite.Api", "BlogSite.Api\BlogSite.Api.csproj", "{FB0743E1-D265-4A22-A451-0F5E52BEA674}"
EndProject
Global
	GlobalSection(SolutionConfigurationPlatforms) = preSolution
		Debug|Any CPU = Debug|Any CPU
		Release|Any CPU = Release|Any CPU
	EndGlobalSection
	GlobalSection(SolutionProperties) = preSolution
		HideSolutionNode = FALSE
	EndGlobalSection
	GlobalSection(ProjectConfigurationPlatforms) = postSolution
		{FB0743E1-D265-4A22-A451-0F5E52BEA674}.Debug|Any CPU.ActiveCfg = Debug|Any CPU
		{FB0743E1-D265-4A22-A451-0F5E52BEA674}.Debug|Any CPU.Build.0 = Debug|Any CPU
		{FB0743E1-D265-4A22-A451-0F5E52BEA674}.Release|Any CPU.ActiveCfg = Release|Any CPU
		{FB0743E1-D265-4A22-A451-0F5E52BEA674}.Release|Any CPU.Build.0 = Release|Any CPU
	EndGlobalSection
EndGlobal
